
Microsoft Visual Studio Solution File, Format Version 12.00
# Visual Studio 15
VisualStudioVersion = 15.0.27428.2015
MinimumVisualStudioVersion = 10.0.40219.1
Project("{FAE04EC0-301F-11D3-BF4B-00C04F79EFBC}") = "DependencyInversion", "DependencyInversion\DependencyInversion.csproj", "{831C36DD-4037-4C12-95E3-2223FD4C8DBA}"
EndProject
Project("{FAE04EC0-301F-11D3-BF4B-00C04F79EFBC}") = "BadPractice", "BadPractice\BadPractice.csproj", "{8A457BDC-D58E-4373-A1BA-E6BB052ED76D}"
EndProject
Global
	GlobalSection(SolutionConfigurationPlatforms) = preSolution
		Debug|Any CPU = Debug|Any CPU
		Release|Any CPU = Release|Any CPU
	EndGlobalSection
	GlobalSection(ProjectConfigurationPlatforms) = postSolution
		{831C36DD-4037-4C12-95E3-2223FD4C8DBA}.Debug|Any CPU.ActiveCfg = Debug|Any CPU
		{831C36DD-4037-4C12-95E3-2223FD4C8DBA}.Debug|Any CPU.Build.0 = Debug|Any CPU
		{831C36DD-4037-4C12-95E3-2223FD4C8DBA}.Release|Any CPU.ActiveCfg = Release|Any CPU
		{831C36DD-4037-4C12-95E3-2223FD4C8DBA}.Release|Any CPU.Build.0 = Release|Any CPU
		{8A457BDC-D58E-4373-A1BA-E6BB052ED76D}.Debug|Any CPU.ActiveCfg = Debug|Any CPU
		{8A457BDC-D58E-4373-A1BA-E6BB052ED76D}.Debug|Any CPU.Build.0 = Debug|Any CPU
		{8A457BDC-D58E-4373-A1BA-E6BB052ED76D}.Release|Any CPU.ActiveCfg = Release|Any CPU
		{8A457BDC-D58E-4373-A1BA-E6BB052ED76D}.Release|Any CPU.Build.0 = Release|Any CPU
	EndGlobalSection
	GlobalSection(SolutionProperties) = preSolution
		HideSolutionNode = FALSE
	EndGlobalSection
	GlobalSection(ExtensibilityGlobals) = postSolution
		SolutionGuid = {6DD0F603-CB04-4ABB-9EC7-56966B8F39E8}
	EndGlobalSection
EndGlobal
