
Microsoft Visual Studio Solution File, Format Version 12.00
# Visual Studio 15
VisualStudioVersion = 15.0.27130.2026
MinimumVisualStudioVersion = 10.0.40219.1
Project("{FAE04EC0-301F-11D3-BF4B-00C04F79EFBC}") = "CustomerLSPEx", "CustomerLSPEx\CustomerLSPEx.csproj", "{464AB719-09A5-4AE6-ACE6-FFDA56FAC354}"
EndProject
Global
	GlobalSection(SolutionConfigurationPlatforms) = preSolution
		Debug|Any CPU = Debug|Any CPU
		Release|Any CPU = Release|Any CPU
	EndGlobalSection
	GlobalSection(ProjectConfigurationPlatforms) = postSolution
		{464AB719-09A5-4AE6-ACE6-FFDA56FAC354}.Debug|Any CPU.ActiveCfg = Debug|Any CPU
		{464AB719-09A5-4AE6-ACE6-FFDA56FAC354}.Debug|Any CPU.Build.0 = Debug|Any CPU
		{464AB719-09A5-4AE6-ACE6-FFDA56FAC354}.Release|Any CPU.ActiveCfg = Release|Any CPU
		{464AB719-09A5-4AE6-ACE6-FFDA56FAC354}.Release|Any CPU.Build.0 = Release|Any CPU
	EndGlobalSection
	GlobalSection(SolutionProperties) = preSolution
		HideSolutionNode = FALSE
	EndGlobalSection
	GlobalSection(ExtensibilityGlobals) = postSolution
		SolutionGuid = {A6DB1BE1-C835-4032-A47B-81CD2652E1A3}
	EndGlobalSection
EndGlobal
